
Microsoft Visual Studio Solution File, Format Version 12.00
# Visual Studio Version 16
VisualStudioVersion = 16.0.30503.244
MinimumVisualStudioVersion = 10.0.40219.1
Project("{9A19103F-16F7-4668-BE54-9A1E7A4F7556}") = "CopaDoMundo.Api", "src\CopaDoMundo.Api\CopaDoMundo.Api.csproj", "{BF3BA05B-65CF-4211-B24F-B3C510FC9F7A}"
EndProject
Project("{9A19103F-16F7-4668-BE54-9A1E7A4F7556}") = "CopaDoMundo.Test", "tests\CopaDoMundo.Test\CopaDoMundo.Test.csproj", "{686A6702-B097-4CD8-B19F-15613BEAEB7B}"
EndProject
Global
	GlobalSection(SolutionConfigurationPlatforms) = preSolution
		Debug|Any CPU = Debug|Any CPU
		Release|Any CPU = Release|Any CPU
	EndGlobalSection
	GlobalSection(ProjectConfigurationPlatforms) = postSolution
		{BF3BA05B-65CF-4211-B24F-B3C510FC9F7A}.Debug|Any CPU.ActiveCfg = Debug|Any CPU
		{BF3BA05B-65CF-4211-B24F-B3C510FC9F7A}.Debug|Any CPU.Build.0 = Debug|Any CPU
		{BF3BA05B-65CF-4211-B24F-B3C510FC9F7A}.Release|Any CPU.ActiveCfg = Release|Any CPU
		{BF3BA05B-65CF-4211-B24F-B3C510FC9F7A}.Release|Any CPU.Build.0 = Release|Any CPU
		{686A6702-B097-4CD8-B19F-15613BEAEB7B}.Debug|Any CPU.ActiveCfg = Debug|Any CPU
		{686A6702-B097-4CD8-B19F-15613BEAEB7B}.Debug|Any CPU.Build.0 = Debug|Any CPU
		{686A6702-B097-4CD8-B19F-15613BEAEB7B}.Release|Any CPU.ActiveCfg = Release|Any CPU
		{686A6702-B097-4CD8-B19F-15613BEAEB7B}.Release|Any CPU.Build.0 = Release|Any CPU
	EndGlobalSection
	GlobalSection(SolutionProperties) = preSolution
		HideSolutionNode = FALSE
	EndGlobalSection
	GlobalSection(ExtensibilityGlobals) = postSolution
		SolutionGuid = {AA54778B-08EA-4356-8AD8-F02BD236A3E4}
	EndGlobalSection
EndGlobal
